<?xml version="1.0" encoding="utf-8"?>
<Project ToolsVersion="4.0" xmlns="http://schemas.microsoft.com/developer/msbuild/2003">
  <ItemGroup>
    <Filter Include="imgui">
      <UniqueIdentifier>{fe805381-a6f4-42bd-b6b5-cf7eda2136a1}</UniqueIdentifier>
    </Filter>
    <Filter Include="EnTT">
      <UniqueIdentifier>{46cc109b-e44d-4698-87e2-f2105c3fc35e}</UniqueIdentifier>
    </Filter>
  </ItemGroup>
  <ItemGroup>
    <ClInclude Include="pch.h" />
    <ClInclude Include="Game.h" />
    <ClInclude Include="StepTimer.h" />
    <ClInclude Include="imgui\imconfig.h">
      <Filter>imgui</Filter>
    </ClInclude>
    <ClInclude Include="imgui\imgui.h">
      <Filter>imgui</Filter>
    </ClInclude>
    <ClInclude Include="imgui\imgui_impl_dx11.h">
      <Filter>imgui</Filter>
    </ClInclude>
    <ClInclude Include="imgui\imgui_impl_win32.h">
      <Filter>imgui</Filter>
    </ClInclude>
    <ClInclude Include="imgui\imgui_internal.h">
      <Filter>imgui</Filter>
    </ClInclude>
    <ClInclude Include="imgui\imstb_rectpack.h">
      <Filter>imgui</Filter>
    </ClInclude>
    <ClInclude Include="imgui\imstb_textedit.h">
      <Filter>imgui</Filter>
    </ClInclude>
    <ClInclude Include="imgui\imstb_truetype.h">
      <Filter>imgui</Filter>
    </ClInclude>
    <ClInclude Include="Renderer.h" />
    <ClInclude Include="DXUtility.h" />
    <ClInclude Include="Texture2D.h" />
    <ClInclude Include="WICTextureLoader\WICTextureLoader.h" />
    <ClInclude Include="ECS_Types.h" />
    <ClInclude Include="Material.h" />
    <ClInclude Include="Utility.h" />
    <ClInclude Include="Camera.h" />
    <ClInclude Include="ModelClass.h" />
    <ClInclude Include="OBJ-Loader\Source\OBJ_Loader.h" />
    <ClInclude Include="Shader.h" />
    <ClInclude Include="entt\entt.hpp">
      <Filter>EnTT</Filter>
    </ClInclude>
    <ClInclude Include="entt\signal\delegate.hpp" />
    <ClInclude Include="entt\signal\dispatcher.hpp" />
    <ClInclude Include="entt\signal\emitter.hpp" />
    <ClInclude Include="entt\signal\sigh.hpp" />
    <ClInclude Include="entt\core\algorithm.hpp" />
    <ClInclude Include="entt\core\family.hpp" />
    <ClInclude Include="entt\core\hashed_string.hpp" />
    <ClInclude Include="entt\core\monostate.hpp" />
    <ClInclude Include="entt\core\type_traits.hpp" />
    <ClInclude Include="entt\core\utility.hpp" />
    <ClInclude Include="entt\core\ident.hpp" />
    <ClInclude Include="entt\config\version.h" />
    <ClInclude Include="entt\config\config.h" />
    <ClInclude Include="entt\entity\actor.hpp" />
    <ClInclude Include="entt\entity\entity.hpp" />
    <ClInclude Include="entt\entity\view.hpp" />
    <ClInclude Include="entt\entity\sparse_set.hpp" />
    <ClInclude Include="entt\entity\registry.hpp" />
    <ClInclude Include="entt\entity\snapshot.hpp" />
    <ClInclude Include="entt\entity\prototype.hpp" />
    <ClInclude Include="entt\entity\entt_traits.hpp" />
    <ClInclude Include="entt\entity\helper.hpp" />
    <ClInclude Include="entt\locator\locator.hpp" />
    <ClInclude Include="entt\meta\factory.hpp" />
    <ClInclude Include="entt\meta\meta.hpp" />
    <ClInclude Include="entt\resource\loader.hpp" />
    <ClInclude Include="entt\resource\handle.hpp" />
    <ClInclude Include="entt\resource\cache.hpp" />
    <ClInclude Include="entt\process\scheduler.hpp" />
    <ClInclude Include="entt\process\process.hpp" />
    <ClInclude Include="YAP.h" />
    <ClInclude Include="DDSTextureLoader\DDSTextureLoader.h" />
    <ClInclude Include="DDSTextureLoader\DDSTextureLoader12.h" />
  </ItemGroup>
  <ItemGroup>
    <ClCompile Include="pch.cpp" />
    <ClCompile Include="Game.cpp" />
    <ClCompile Include="Main.cpp" />
    <ClCompile Include="imgui\imgui.cpp">
      <Filter>imgui</Filter>
    </ClCompile>
    <ClCompile Include="imgui\imgui_demo.cpp">
      <Filter>imgui</Filter>
    </ClCompile>
    <ClCompile Include="imgui\imgui_draw.cpp">
      <Filter>imgui</Filter>
    </ClCompile>
    <ClCompile Include="imgui\imgui_impl_dx11.cpp">
      <Filter>imgui</Filter>
    </ClCompile>
    <ClCompile Include="imgui\imgui_impl_win32.cpp">
      <Filter>imgui</Filter>
    </ClCompile>
    <ClCompile Include="imgui\imgui_widgets.cpp">
      <Filter>imgui</Filter>
    </ClCompile>
    <ClCompile Include="Renderer.cpp" />
    <ClCompile Include="Texture2D.cpp" />
    <ClCompile Include="WICTextureLoader\WICTextureLoader.cpp" />
    <ClCompile Include="Camera.cpp" />
    <ClCompile Include="ModelClass.cpp" />
    <ClCompile Include="Shader.cpp" />
    <ClCompile Include="DDSTextureLoader\DDSTextureLoader.cpp" />
    <ClCompile Include="DDSTextureLoader\DDSTextureLoader12.cpp" />
  </ItemGroup>
  <ItemGroup>
    <ResourceCompile Include="resource.rc" />
  </ItemGroup>
  <ItemGroup>
    <None Include="imgui\imgui.ini">
      <Filter>imgui</Filter>
    </None>
    <None Include="ACES.hlsl" />
    <None Include="Common.hlsl" />
  </ItemGroup>
  <ItemGroup>
    <FxCompile Include="UnlitPS.hlsl" />
    <FxCompile Include="UnlitVS.hlsl" />
  </ItemGroup>
  <ItemGroup>
    <Image Include="directx.ico" />
  </ItemGroup>
  <ItemGroup>
    <Manifest Include="settings.manifest" />
  </ItemGroup>
</Project>